<?xml version="1.0" encoding="utf-8"?>
<Project ToolsVersion="4.0" xmlns="http://schemas.microsoft.com/developer/msbuild/2003">
  <ItemGroup>
    <ClCompile Include="main.cpp" />
    <ClCompile Include="Mediator.cpp" />
    <ClCompile Include="Systems\MujocoSystem.cpp" />
    <ClCompile Include="Controllers\LegControllerCPG.cpp" />
    <ClCompile Include="Controllers\ModelController.cpp" />
    <ClCompile Include="CPGNode.cpp" />
    <ClCompile Include="AutoPID.cpp" />
    <ClCompile Include="NewControllers\CPGController.cpp" />
    <ClCompile Include="pid.cpp" />
    <ClCompile Include="Genome.cpp" />
    <ClCompile Include="Controller.cpp" />
    <ClCompile Include="System.cpp" />
    <ClCompile Include="render.cpp" />
  </ItemGroup>
  <ItemGroup>
    <Library Include="glfw3.lib" />
    <Library Include="mujoco150.lib" />
  </ItemGroup>
  <ItemGroup>
    <None Include="glfw3.dll" />
    <None Include="mujoco150.dll" />
    <None Include="MinitaurLegSimple.mjb">
      <Filter>Resource Files</Filter>
    </None>
  </ItemGroup>
  <ItemGroup>
    <Filter Include="Header Files">
      <UniqueIdentifier>{33aa2874-efbc-4b26-826f-09425a3431b5}</UniqueIdentifier>
      <Extensions>h;</Extensions>
    </Filter>
    <Filter Include="Resource Files">
      <UniqueIdentifier>{e4b3cdfe-663d-4d10-806a-9e363abf1876}</UniqueIdentifier>
      <Extensions>xml;</Extensions>
    </Filter>
  </ItemGroup>
  <ItemGroup>
    <Xml Include="MinitaurLeg.xml">
      <Filter>Resource Files</Filter>
    </Xml>
    <Xml Include="MinitaurFull.xml">
      <Filter>Resource Files</Filter>
    </Xml>
  </ItemGroup>
  <ItemGroup>
    <ClInclude Include="Mediator.h">
      <Filter>Header Files</Filter>
    </ClInclude>
    <ClInclude Include="Systems\MujocoSystem.h">
      <Filter>Header Files</Filter>
    </ClInclude>
    <ClInclude Include="NewControllers\LegControllerCPG.h">
      <Filter>Header Files</Filter>
    </ClInclude>
    <ClInclude Include="Controllers\LegControllerCPG.h">
      <Filter>Header Files</Filter>
    </ClInclude>
    <ClInclude Include="Controllers\ModelController.h">
      <Filter>Header Files</Filter>
    </ClInclude>
    <ClInclude Include="CPGNode.h">
      <Filter>Header Files</Filter>
    </ClInclude>
    <ClInclude Include="AutoPID.h">
      <Filter>Header Files</Filter>
    </ClInclude>
    <ClInclude Include="NewControllers\CPGController.h">
      <Filter>Header Files</Filter>
    </ClInclude>
    <ClInclude Include="pid.h">
      <Filter>Header Files</Filter>
    </ClInclude>
    <ClInclude Include="Genome.h">
      <Filter>Header Files</Filter>
    </ClInclude>
    <ClInclude Include="Controller.h">
      <Filter>Header Files</Filter>
    </ClInclude>
    <ClInclude Include="System.h">
      <Filter>Header Files</Filter>
    </ClInclude>
    <ClInclude Include="render.h">
      <Filter>Header Files</Filter>
    </ClInclude>
  </ItemGroup>
</Project>