<?xml version="1.0" encoding="utf-8"?>
<Project ToolsVersion="4.0" xmlns="http://schemas.microsoft.com/developer/msbuild/2003">
  <ItemGroup>
    <Filter Include="Source Files">
      <UniqueIdentifier>{4FC737F1-C7A5-4376-A066-2A32D752A2FF}</UniqueIdentifier>
      <Extensions>cpp;c;cc;cxx;def;odl;idl;hpj;bat;asm;asmx</Extensions>
    </Filter>
    <Filter Include="Header Files">
      <UniqueIdentifier>{93995380-89BD-4b04-88EB-625FBE52EBFB}</UniqueIdentifier>
      <Extensions>h;hh;hpp;hxx;hm;inl;inc;xsd</Extensions>
    </Filter>
    <Filter Include="Resource Files">
      <UniqueIdentifier>{67DA6AB6-F800-4c08-8B7A-83BB121AAD01}</UniqueIdentifier>
      <Extensions>rc;ico;cur;bmp;dlg;rc2;rct;bin;rgs;gif;jpg;jpeg;jpe;resx;tiff;tif;png;wav;mfcribbon-ms</Extensions>
    </Filter>
    <Filter Include="Library files">
      <UniqueIdentifier>{46ab45c8-dad8-4e8e-aa53-e1a9c036f767}</UniqueIdentifier>
    </Filter>
  </ItemGroup>
  <ItemGroup>
    <ClInclude Include="include\glfw3.h">
      <Filter>Header Files</Filter>
    </ClInclude>
    <ClInclude Include="include\mjdata.h">
      <Filter>Header Files</Filter>
    </ClInclude>
    <ClInclude Include="include\mjmodel.h">
      <Filter>Header Files</Filter>
    </ClInclude>
    <ClInclude Include="include\mjrender.h">
      <Filter>Header Files</Filter>
    </ClInclude>
    <ClInclude Include="include\mjvisualize.h">
      <Filter>Header Files</Filter>
    </ClInclude>
    <ClInclude Include="include\mjxmacro.h">
      <Filter>Header Files</Filter>
    </ClInclude>
    <ClInclude Include="include\mujoco.h">
      <Filter>Header Files</Filter>
    </ClInclude>
    <ClInclude Include="CustomSimulate.h">
      <Filter>Header Files</Filter>
    </ClInclude>
    <ClInclude Include="GaussianNoise.h">
      <Filter>Header Files</Filter>
    </ClInclude>
    <ClInclude Include="Noise.h">
      <Filter>Header Files</Filter>
    </ClInclude>
    <ClInclude Include="pid.h">
      <Filter>Header Files</Filter>
    </ClInclude>
    <ClInclude Include="Controllers\KeyboardController.h">
      <Filter>Header Files</Filter>
    </ClInclude>
    <ClInclude Include="Controllers\ModelController.h">
      <Filter>Header Files</Filter>
    </ClInclude>
    <ClInclude Include="Controllers\PIDController.h">
      <Filter>Header Files</Filter>
    </ClInclude>
    <ClInclude Include="AutoPID.h">
      <Filter>Header Files</Filter>
    </ClInclude>
    <ClInclude Include="Controllers\CPGNode.h">
      <Filter>Header Files</Filter>
    </ClInclude>
    <ClInclude Include="Controllers\LegControllerSimple.h">
      <Filter>Header Files</Filter>
    </ClInclude>
    <ClInclude Include="Controllers\LegControllerCPG.h">
      <Filter>Header Files</Filter>
    </ClInclude>
    <ClInclude Include="Controller.h">
      <Filter>Header Files</Filter>
    </ClInclude>
    <ClInclude Include="Mediator.h">
      <Filter>Header Files</Filter>
    </ClInclude>
    <ClInclude Include="System.h">
      <Filter>Header Files</Filter>
    </ClInclude>
    <ClInclude Include="Systems\MujocoSystem.h">
      <Filter>Header Files</Filter>
    </ClInclude>
    <ClInclude Include="render.h">
      <Filter>Header Files</Filter>
    </ClInclude>
  </ItemGroup>
  <ItemGroup>
    <Xml Include="MinitaurLeg.xml">
      <Filter>Resource Files</Filter>
    </Xml>
  </ItemGroup>
  <ItemGroup>
    <ClCompile Include="CustomSimulate.cpp">
      <Filter>Source Files</Filter>
    </ClCompile>
    <ClCompile Include="GaussianNoise.cpp">
      <Filter>Source Files</Filter>
    </ClCompile>
    <ClCompile Include="main.cpp">
      <Filter>Source Files</Filter>
    </ClCompile>
    <ClCompile Include="Noise.cpp">
      <Filter>Source Files</Filter>
    </ClCompile>
    <ClCompile Include="pid.cpp">
      <Filter>Source Files</Filter>
    </ClCompile>
    <ClCompile Include="Controllers\KeyboardController.cpp">
      <Filter>Source Files</Filter>
    </ClCompile>
    <ClCompile Include="Controllers\ModelController.cpp">
      <Filter>Source Files</Filter>
    </ClCompile>
    <ClCompile Include="Controllers\PIDController.cpp">
      <Filter>Source Files</Filter>
    </ClCompile>
    <ClCompile Include="AutoPID.cpp">
      <Filter>Source Files</Filter>
    </ClCompile>
    <ClCompile Include="Controllers\LegControllerSimple.cpp">
      <Filter>Source Files</Filter>
    </ClCompile>
    <ClCompile Include="Controllers\CPGNode.cpp">
      <Filter>Source Files</Filter>
    </ClCompile>
    <ClCompile Include="Controllers\LegControllerCPG.cpp">
      <Filter>Source Files</Filter>
    </ClCompile>
    <ClCompile Include="Mediator.cpp">
      <Filter>Source Files</Filter>
    </ClCompile>
    <ClCompile Include="System.cpp">
      <Filter>Source Files</Filter>
    </ClCompile>
    <ClCompile Include="Controller.cpp">
      <Filter>Source Files</Filter>
    </ClCompile>
    <ClCompile Include="Systems\MujocoSystem.cpp">
      <Filter>Source Files</Filter>
    </ClCompile>
    <ClCompile Include="render.cpp">
      <Filter>Source Files</Filter>
    </ClCompile>
  </ItemGroup>
  <ItemGroup>
    <None Include="glfw3.dll">
      <Filter>Library files</Filter>
    </None>
    <None Include="mujoco150.dll">
      <Filter>Library files</Filter>
    </None>
    <None Include="MinitaurLegSimple.mjb">
      <Filter>Resource Files</Filter>
    </None>
  </ItemGroup>
  <ItemGroup>
    <Library Include="glfw3.lib">
      <Filter>Library files</Filter>
    </Library>
    <Library Include="mujoco150.lib">
      <Filter>Library files</Filter>
    </Library>
  </ItemGroup>
</Project>